
Microsoft Visual Studio Solution File, Format Version 12.00
# Visual Studio Version 16
VisualStudioVersion = 16.0.31321.278
MinimumVisualStudioVersion = 10.0.40219.1
Project("{8BC9CEB8-8B4A-11D0-8D11-00A0C91BC942}") = "JPNPatchSA", "JPNPatchSA\JPNPatchSA.vcxproj", "{37CF1318-1157-42C5-BFF4-82D2BE796EE9}"
EndProject
Global
	GlobalSection(SolutionConfigurationPlatforms) = preSolution
		Debug XP|x86 = Debug XP|x86
		Debug|x86 = Debug|x86
		Release XP|x86 = Release XP|x86
		Release|x86 = Release|x86
	EndGlobalSection
	GlobalSection(ProjectConfigurationPlatforms) = postSolution
		{37CF1318-1157-42C5-BFF4-82D2BE796EE9}.Debug XP|x86.ActiveCfg = Debug XP|x64
		{37CF1318-1157-42C5-BFF4-82D2BE796EE9}.Debug XP|x86.Build.0 = Debug XP|x64
		{37CF1318-1157-42C5-BFF4-82D2BE796EE9}.Debug|x86.ActiveCfg = Debug|Win32
		{37CF1318-1157-42C5-BFF4-82D2BE796EE9}.Debug|x86.Build.0 = Debug|Win32
		{37CF1318-1157-42C5-BFF4-82D2BE796EE9}.Release XP|x86.ActiveCfg = Release XP|Win32
		{37CF1318-1157-42C5-BFF4-82D2BE796EE9}.Release XP|x86.Build.0 = Release XP|Win32
		{37CF1318-1157-42C5-BFF4-82D2BE796EE9}.Release|x86.ActiveCfg = Release|Win32
		{37CF1318-1157-42C5-BFF4-82D2BE796EE9}.Release|x86.Build.0 = Release|Win32
	EndGlobalSection
	GlobalSection(SolutionProperties) = preSolution
		HideSolutionNode = FALSE
	EndGlobalSection
	GlobalSection(ExtensibilityGlobals) = postSolution
		SolutionGuid = {39DB812C-8F8E-4870-A4C0-2AFA8EB7EDFA}
	EndGlobalSection
EndGlobal
